
Microsoft Visual Studio Solution File, Format Version 12.00
# Visual Studio 15
VisualStudioVersion = 15.0.28307.1300
MinimumVisualStudioVersion = 10.0.40219.1
Project("{FAE04EC0-301F-11D3-BF4B-00C04F79EFBC}") = "OfficeAutomation.Sample.CreatingProject", "OfficeAutomation.Sample.CreatingProject\OfficeAutomation.Sample.CreatingProject.csproj", "{86D05AF5-4586-47AF-8C86-350D09F61D75}"
EndProject
Project("{FAE04EC0-301F-11D3-BF4B-00C04F79EFBC}") = "OfficeAutomation.Sample.SearchFilePath", "OfficeAutomation.Sample.SearchFilePath\OfficeAutomation.Sample.SearchFilePath.csproj", "{A88F8150-9258-4498-ADA7-C152627020AA}"
EndProject
Project("{2150E333-8FDC-42A3-9474-1A3956D46DE8}") = "OfficeAutomation.Sample", "OfficeAutomation.Sample", "{A2F0CBE9-9FDA-4B33-9B2C-BA1B2097D58A}"
EndProject
Project("{FAE04EC0-301F-11D3-BF4B-00C04F79EFBC}") = "Sample.Objects", "OfficeAutomation.Sample.Objects\Sample.Objects\Sample.Objects.csproj", "{374C30A4-2F27-42A9-861A-A760DAD5F03F}"
EndProject
Project("{FAE04EC0-301F-11D3-BF4B-00C04F79EFBC}") = "OfficeAutomation.Sample.Arc", "OfficeAutomation.Sample.Arc\OfficeAutomation.Sample.Arc.csproj", "{8918E603-F8C8-4B86-9A2E-B7BBBCF9E1C8}"
EndProject
Project("{2150E333-8FDC-42A3-9474-1A3956D46DE8}") = "Sample.Syntax", "Sample.Syntax", "{61D7F8B2-E112-4F07-80E6-E851C7B59086}"
EndProject
Project("{FAE04EC0-301F-11D3-BF4B-00C04F79EFBC}") = "Exe01_Ref", "OfficeAutomation.Sample.Syntax\Exe01_Ref\Exe01_Ref.csproj", "{7801EA57-FCA3-463C-913A-5533B3DA459B}"
EndProject
Project("{FAE04EC0-301F-11D3-BF4B-00C04F79EFBC}") = "OfficeAutomation.Sample.CsvFileOpen", "OfficeAutomation.Sample.CsvFileOpen\OfficeAutomation.Sample.CsvFileOpen.csproj", "{8FFBA2AE-0D0E-4EE5-A328-D35372925B27}"
EndProject
Project("{FAE04EC0-301F-11D3-BF4B-00C04F79EFBC}") = "OfficeAutomation.Sample.DatagridInfotoDg2", "OfficeAutomation.Sample.DatagridInfotoDg2\OfficeAutomation.Sample.DatagridInfotoDg2.csproj", "{C4043870-A548-453A-9295-FD943A4B2C40}"
EndProject
Project("{FAE04EC0-301F-11D3-BF4B-00C04F79EFBC}") = "OfficeAutomation.Sample.BackgroundWorkerExe", "OfficeAutomation.Sample.BackgroundWorker\OfficeAutomation.Sample.BackgroundWorkerExe.csproj", "{AD94A95F-F968-41BF-A924-755F0251F71B}"
EndProject
Project("{FAE04EC0-301F-11D3-BF4B-00C04F79EFBC}") = "OfficeAutomation.Sample.WorkerExe01", "OfficeAutomation.Sample.WorkerExe01\OfficeAutomation.Sample.WorkerExe01.csproj", "{7DC76BF6-53F0-48CF-90EA-7BB8285EDEE1}"
EndProject
Global
	GlobalSection(SolutionConfigurationPlatforms) = preSolution
		Debug|Any CPU = Debug|Any CPU
		Release|Any CPU = Release|Any CPU
	EndGlobalSection
	GlobalSection(ProjectConfigurationPlatforms) = postSolution
		{86D05AF5-4586-47AF-8C86-350D09F61D75}.Debug|Any CPU.ActiveCfg = Debug|Any CPU
		{86D05AF5-4586-47AF-8C86-350D09F61D75}.Debug|Any CPU.Build.0 = Debug|Any CPU
		{86D05AF5-4586-47AF-8C86-350D09F61D75}.Release|Any CPU.ActiveCfg = Release|Any CPU
		{86D05AF5-4586-47AF-8C86-350D09F61D75}.Release|Any CPU.Build.0 = Release|Any CPU
		{A88F8150-9258-4498-ADA7-C152627020AA}.Debug|Any CPU.ActiveCfg = Debug|Any CPU
		{A88F8150-9258-4498-ADA7-C152627020AA}.Debug|Any CPU.Build.0 = Debug|Any CPU
		{A88F8150-9258-4498-ADA7-C152627020AA}.Release|Any CPU.ActiveCfg = Release|Any CPU
		{A88F8150-9258-4498-ADA7-C152627020AA}.Release|Any CPU.Build.0 = Release|Any CPU
		{374C30A4-2F27-42A9-861A-A760DAD5F03F}.Debug|Any CPU.ActiveCfg = Debug|Any CPU
		{374C30A4-2F27-42A9-861A-A760DAD5F03F}.Debug|Any CPU.Build.0 = Debug|Any CPU
		{374C30A4-2F27-42A9-861A-A760DAD5F03F}.Release|Any CPU.ActiveCfg = Release|Any CPU
		{374C30A4-2F27-42A9-861A-A760DAD5F03F}.Release|Any CPU.Build.0 = Release|Any CPU
		{8918E603-F8C8-4B86-9A2E-B7BBBCF9E1C8}.Debug|Any CPU.ActiveCfg = Debug|Any CPU
		{8918E603-F8C8-4B86-9A2E-B7BBBCF9E1C8}.Debug|Any CPU.Build.0 = Debug|Any CPU
		{8918E603-F8C8-4B86-9A2E-B7BBBCF9E1C8}.Release|Any CPU.ActiveCfg = Release|Any CPU
		{8918E603-F8C8-4B86-9A2E-B7BBBCF9E1C8}.Release|Any CPU.Build.0 = Release|Any CPU
		{7801EA57-FCA3-463C-913A-5533B3DA459B}.Debug|Any CPU.ActiveCfg = Debug|Any CPU
		{7801EA57-FCA3-463C-913A-5533B3DA459B}.Debug|Any CPU.Build.0 = Debug|Any CPU
		{7801EA57-FCA3-463C-913A-5533B3DA459B}.Release|Any CPU.ActiveCfg = Release|Any CPU
		{7801EA57-FCA3-463C-913A-5533B3DA459B}.Release|Any CPU.Build.0 = Release|Any CPU
		{8FFBA2AE-0D0E-4EE5-A328-D35372925B27}.Debug|Any CPU.ActiveCfg = Debug|Any CPU
		{8FFBA2AE-0D0E-4EE5-A328-D35372925B27}.Debug|Any CPU.Build.0 = Debug|Any CPU
		{8FFBA2AE-0D0E-4EE5-A328-D35372925B27}.Release|Any CPU.ActiveCfg = Release|Any CPU
		{8FFBA2AE-0D0E-4EE5-A328-D35372925B27}.Release|Any CPU.Build.0 = Release|Any CPU
		{C4043870-A548-453A-9295-FD943A4B2C40}.Debug|Any CPU.ActiveCfg = Debug|Any CPU
		{C4043870-A548-453A-9295-FD943A4B2C40}.Debug|Any CPU.Build.0 = Debug|Any CPU
		{C4043870-A548-453A-9295-FD943A4B2C40}.Release|Any CPU.ActiveCfg = Release|Any CPU
		{C4043870-A548-453A-9295-FD943A4B2C40}.Release|Any CPU.Build.0 = Release|Any CPU
		{AD94A95F-F968-41BF-A924-755F0251F71B}.Debug|Any CPU.ActiveCfg = Debug|Any CPU
		{AD94A95F-F968-41BF-A924-755F0251F71B}.Debug|Any CPU.Build.0 = Debug|Any CPU
		{AD94A95F-F968-41BF-A924-755F0251F71B}.Release|Any CPU.ActiveCfg = Release|Any CPU
		{AD94A95F-F968-41BF-A924-755F0251F71B}.Release|Any CPU.Build.0 = Release|Any CPU
		{7DC76BF6-53F0-48CF-90EA-7BB8285EDEE1}.Debug|Any CPU.ActiveCfg = Debug|Any CPU
		{7DC76BF6-53F0-48CF-90EA-7BB8285EDEE1}.Debug|Any CPU.Build.0 = Debug|Any CPU
		{7DC76BF6-53F0-48CF-90EA-7BB8285EDEE1}.Release|Any CPU.ActiveCfg = Release|Any CPU
		{7DC76BF6-53F0-48CF-90EA-7BB8285EDEE1}.Release|Any CPU.Build.0 = Release|Any CPU
	EndGlobalSection
	GlobalSection(SolutionProperties) = preSolution
		HideSolutionNode = FALSE
	EndGlobalSection
	GlobalSection(NestedProjects) = preSolution
		{374C30A4-2F27-42A9-861A-A760DAD5F03F} = {A2F0CBE9-9FDA-4B33-9B2C-BA1B2097D58A}
		{61D7F8B2-E112-4F07-80E6-E851C7B59086} = {A2F0CBE9-9FDA-4B33-9B2C-BA1B2097D58A}
		{7801EA57-FCA3-463C-913A-5533B3DA459B} = {61D7F8B2-E112-4F07-80E6-E851C7B59086}
	EndGlobalSection
	GlobalSection(ExtensibilityGlobals) = postSolution
		SolutionGuid = {B0C28DAF-5355-49BA-9161-7F5AD3130CA5}
	EndGlobalSection
EndGlobal
